// !$*UTF8*$!
{
	archiveVersion = 1;
	classes = {
	};
	objectVersion = 77;
	objects = {

/* Begin PBXBuildFile section */
		E06CBE252E0761E700DFED0C /* Mines Start.wav in Resources */ = {isa = PBXBuildFile; fileRef = E06CBE232E0761E700DFED0C /* Mines Start.wav */; };
		E06CBE262E0761E700DFED0C /* Mines Tile Flipped.wav in Resources */ = {isa = PBXBuildFile; fileRef = E06CBE242E0761E700DFED0C /* Mines Tile Flipped.wav */; };
		E06CBE272E0761E700DFED0C /* Mines Cashout.wav in Resources */ = {isa = PBXBuildFile; fileRef = E06CBE222E0761E700DFED0C /* Mines Cashout.wav */; };
		E06CBE292E0762EF00DFED0C /* Mine Tile.wav in Resources */ = {isa = PBXBuildFile; fileRef = E06CBE282E0762EF00DFED0C /* Mine Tile.wav */; };
		E07F51D62E0854280094E3FE /* Towers New Tile.wav in Resources */ = {isa = PBXBuildFile; fileRef = E07F51D52E0854280094E3FE /* Towers New Tile.wav */; };
		E07F51DC2E08898C0094E3FE /* Keno Diamond.wav in Resources */ = {isa = PBXBuildFile; fileRef = E07F51DB2E08898C0094E3FE /* Keno Diamond.wav */; };
		E07F51DE2E088A810094E3FE /* Keno Miss.wav in Resources */ = {isa = PBXBuildFile; fileRef = E07F51DD2E088A810094E3FE /* Keno Miss.wav */; };
		E07F51E02E088BC70094E3FE /* Keno Diamond 2.wav in Resources */ = {isa = PBXBuildFile; fileRef = E07F51DF2E088BC70094E3FE /* Keno Diamond 2.wav */; };
		E085B2B02E0700730081DA1A /* AVFoundation.framework in Frameworks */ = {isa = PBXBuildFile; fileRef = E085B2AF2E0700730081DA1A /* AVFoundation.framework */; };
/* End PBXBuildFile section */

/* Begin PBXContainerItemProxy section */
		E0D5C5EC2E04AF9500B3FE45 /* PBXContainerItemProxy */ = {
			isa = PBXContainerItemProxy;
			containerPortal = E0D5C5D62E04AF9500B3FE45 /* Project object */;
			proxyType = 1;
			remoteGlobalIDString = E0D5C5DD2E04AF9500B3FE45;
			remoteInfo = "Bet Casino";
		};
		E0D5C5F62E04AF9500B3FE45 /* PBXContainerItemProxy */ = {
			isa = PBXContainerItemProxy;
			containerPortal = E0D5C5D62E04AF9500B3FE45 /* Project object */;
			proxyType = 1;
			remoteGlobalIDString = E0D5C5DD2E04AF9500B3FE45;
			remoteInfo = "Bet Casino";
		};
/* End PBXContainerItemProxy section */

/* Begin PBXFileReference section */
		E06CBE222E0761E700DFED0C /* Mines Cashout.wav */ = {isa = PBXFileReference; lastKnownFileType = audio.wav; path = "Mines Cashout.wav"; sourceTree = "<group>"; };
		E06CBE232E0761E700DFED0C /* Mines Start.wav */ = {isa = PBXFileReference; lastKnownFileType = audio.wav; path = "Mines Start.wav"; sourceTree = "<group>"; };
		E06CBE242E0761E700DFED0C /* Mines Tile Flipped.wav */ = {isa = PBXFileReference; lastKnownFileType = audio.wav; path = "Mines Tile Flipped.wav"; sourceTree = "<group>"; };
		E06CBE282E0762EF00DFED0C /* Mine Tile.wav */ = {isa = PBXFileReference; lastKnownFileType = audio.wav; path = "Mine Tile.wav"; sourceTree = "<group>"; };
		E07F51D52E0854280094E3FE /* Towers New Tile.wav */ = {isa = PBXFileReference; lastKnownFileType = audio.wav; path = "Towers New Tile.wav"; sourceTree = "<group>"; };
		E07F51DB2E08898C0094E3FE /* Keno Diamond.wav */ = {isa = PBXFileReference; lastKnownFileType = audio.wav; path = "Keno Diamond.wav"; sourceTree = "<group>"; };
		E07F51DD2E088A810094E3FE /* Keno Miss.wav */ = {isa = PBXFileReference; lastKnownFileType = audio.wav; path = "Keno Miss.wav"; sourceTree = "<group>"; };
		E07F51DF2E088BC70094E3FE /* Keno Diamond 2.wav */ = {isa = PBXFileReference; lastKnownFileType = audio.wav; path = "Keno Diamond 2.wav"; sourceTree = "<group>"; };
		E085B2AF2E0700730081DA1A /* AVFoundation.framework */ = {isa = PBXFileReference; lastKnownFileType = wrapper.framework; name = AVFoundation.framework; path = System/Library/Frameworks/AVFoundation.framework; sourceTree = SDKROOT; };
		E0D5C5DE2E04AF9500B3FE45 /* Bet Casino.app */ = {isa = PBXFileReference; explicitFileType = wrapper.application; includeInIndex = 0; path = "Bet Casino.app"; sourceTree = BUILT_PRODUCTS_DIR; };
		E0D5C5EB2E04AF9500B3FE45 /* Bet CasinoTests.xctest */ = {isa = PBXFileReference; explicitFileType = wrapper.cfbundle; includeInIndex = 0; path = "Bet CasinoTests.xctest"; sourceTree = BUILT_PRODUCTS_DIR; };
		E0D5C5F52E04AF9500B3FE45 /* Bet CasinoUITests.xctest */ = {isa = PBXFileReference; explicitFileType = wrapper.cfbundle; includeInIndex = 0; path = "Bet CasinoUITests.xctest"; sourceTree = BUILT_PRODUCTS_DIR; };
/* End PBXFileReference section */

/* Begin PBXFileSystemSynchronizedBuildFileExceptionSet section */
		E03141A02E04CB79000FD81B /* Exceptions for "Bet Casino" folder in "Bet Casino" target */ = {
			isa = PBXFileSystemSynchronizedBuildFileExceptionSet;
			membershipExceptions = (
				MinesViewModel.swift,
			);
			target = E0D5C5DD2E04AF9500B3FE45 /* Bet Casino */;
		};
/* End PBXFileSystemSynchronizedBuildFileExceptionSet section */

/* Begin PBXFileSystemSynchronizedRootGroup section */
		E0D5C5E02E04AF9500B3FE45 /* Bet Casino */ = {
			isa = PBXFileSystemSynchronizedRootGroup;
			exceptions = (
				E03141A02E04CB79000FD81B /* Exceptions for "Bet Casino" folder in "Bet Casino" target */,
			);
			path = "Bet Casino";
			sourceTree = "<group>";
		};
		E0D5C5EE2E04AF9500B3FE45 /* Bet CasinoTests */ = {
			isa = PBXFileSystemSynchronizedRootGroup;
			path = "Bet CasinoTests";
			sourceTree = "<group>";
		};
		E0D5C5F82E04AF9500B3FE45 /* Bet CasinoUITests */ = {
			isa = PBXFileSystemSynchronizedRootGroup;
			path = "Bet CasinoUITests";
			sourceTree = "<group>";
		};
/* End PBXFileSystemSynchronizedRootGroup section */

/* Begin PBXFrameworksBuildPhase section */
		E0D5C5DB2E04AF9500B3FE45 /* Frameworks */ = {
			isa = PBXFrameworksBuildPhase;
			buildActionMask = 2147483647;
			files = (
				E085B2B02E0700730081DA1A /* AVFoundation.framework in Frameworks */,
			);
			runOnlyForDeploymentPostprocessing = 0;
		};
		E0D5C5E82E04AF9500B3FE45 /* Frameworks */ = {
			isa = PBXFrameworksBuildPhase;
			buildActionMask = 2147483647;
			files = (
			);
			runOnlyForDeploymentPostprocessing = 0;
		};
		E0D5C5F22E04AF9500B3FE45 /* Frameworks */ = {
			isa = PBXFrameworksBuildPhase;
			buildActionMask = 2147483647;
			files = (
			);
			runOnlyForDeploymentPostprocessing = 0;
		};
/* End PBXFrameworksBuildPhase section */

/* Begin PBXGroup section */
		E031419E2E04CB48000FD81B /* Models */ = {
			isa = PBXGroup;
			children = (
			);
			path = Models;
			sourceTree = "<group>";
		};
		E085B2AE2E0700730081DA1A /* Frameworks */ = {
			isa = PBXGroup;
			children = (
				E06CBE222E0761E700DFED0C /* Mines Cashout.wav */,
				E06CBE232E0761E700DFED0C /* Mines Start.wav */,
				E06CBE242E0761E700DFED0C /* Mines Tile Flipped.wav */,
				E085B2AF2E0700730081DA1A /* AVFoundation.framework */,
				E06CBE282E0762EF00DFED0C /* Mine Tile.wav */,
				E07F51D52E0854280094E3FE /* Towers New Tile.wav */,
				E07F51DB2E08898C0094E3FE /* Keno Diamond.wav */,
				E07F51DD2E088A810094E3FE /* Keno Miss.wav */,
				E07F51DF2E088BC70094E3FE /* Keno Diamond 2.wav */,
			);
			name = Frameworks;
			sourceTree = "<group>";
		};
		E0D5C5D52E04AF9500B3FE45 = {
			isa = PBXGroup;
			children = (
				E031419E2E04CB48000FD81B /* Models */,
				E0D5C5E02E04AF9500B3FE45 /* Bet Casino */,
				E0D5C5EE2E04AF9500B3FE45 /* Bet CasinoTests */,
				E0D5C5F82E04AF9500B3FE45 /* Bet CasinoUITests */,
				E085B2AE2E0700730081DA1A /* Frameworks */,
				E0D5C5DF2E04AF9500B3FE45 /* Products */,
			);
			sourceTree = "<group>";
		};
		E0D5C5DF2E04AF9500B3FE45 /* Products */ = {
			isa = PBXGroup;
			children = (
				E0D5C5DE2E04AF9500B3FE45 /* Bet Casino.app */,
				E0D5C5EB2E04AF9500B3FE45 /* Bet CasinoTests.xctest */,
				E0D5C5F52E04AF9500B3FE45 /* Bet CasinoUITests.xctest */,
			);
			name = Products;
			sourceTree = "<group>";
		};
/* End PBXGroup section */

/* Begin PBXNativeTarget section */
		E0D5C5DD2E04AF9500B3FE45 /* Bet Casino */ = {
			isa = PBXNativeTarget;
			buildConfigurationList = E0D5C5FF2E04AF9500B3FE45 /* Build configuration list for PBXNativeTarget "Bet Casino" */;
			buildPhases = (
				E0D5C5DA2E04AF9500B3FE45 /* Sources */,
				E0D5C5DB2E04AF9500B3FE45 /* Frameworks */,
				E0D5C5DC2E04AF9500B3FE45 /* Resources */,
			);
			buildRules = (
			);
			dependencies = (
			);
			fileSystemSynchronizedGroups = (
				E0D5C5E02E04AF9500B3FE45 /* Bet Casino */,
			);
			name = "Bet Casino";
			packageProductDependencies = (
			);
			productName = "Bet Casino";
			productReference = E0D5C5DE2E04AF9500B3FE45 /* Bet Casino.app */;
			productType = "com.apple.product-type.application";
		};
		E0D5C5EA2E04AF9500B3FE45 /* Bet CasinoTests */ = {
			isa = PBXNativeTarget;
			buildConfigurationList = E0D5C6022E04AF9500B3FE45 /* Build configuration list for PBXNativeTarget "Bet CasinoTests" */;
			buildPhases = (
				E0D5C5E72E04AF9500B3FE45 /* Sources */,
				E0D5C5E82E04AF9500B3FE45 /* Frameworks */,
				E0D5C5E92E04AF9500B3FE45 /* Resources */,
			);
			buildRules = (
			);
			dependencies = (
				E0D5C5ED2E04AF9500B3FE45 /* PBXTargetDependency */,
			);
			fileSystemSynchronizedGroups = (
				E0D5C5EE2E04AF9500B3FE45 /* Bet CasinoTests */,
			);
			name = "Bet CasinoTests";
			packageProductDependencies = (
			);
			productName = "Bet CasinoTests";
			productReference = E0D5C5EB2E04AF9500B3FE45 /* Bet CasinoTests.xctest */;
			productType = "com.apple.product-type.bundle.unit-test";
		};
		E0D5C5F42E04AF9500B3FE45 /* Bet CasinoUITests */ = {
			isa = PBXNativeTarget;
			buildConfigurationList = E0D5C6052E04AF9500B3FE45 /* Build configuration list for PBXNativeTarget "Bet CasinoUITests" */;
			buildPhases = (
				E0D5C5F12E04AF9500B3FE45 /* Sources */,
				E0D5C5F22E04AF9500B3FE45 /* Frameworks */,
				E0D5C5F32E04AF9500B3FE45 /* Resources */,
			);
			buildRules = (
			);
			dependencies = (
				E0D5C5F72E04AF9500B3FE45 /* PBXTargetDependency */,
			);
			fileSystemSynchronizedGroups = (
				E0D5C5F82E04AF9500B3FE45 /* Bet CasinoUITests */,
			);
			name = "Bet CasinoUITests";
			packageProductDependencies = (
			);
			productName = "Bet CasinoUITests";
			productReference = E0D5C5F52E04AF9500B3FE45 /* Bet CasinoUITests.xctest */;
			productType = "com.apple.product-type.bundle.ui-testing";
		};
/* End PBXNativeTarget section */

/* Begin PBXProject section */
		E0D5C5D62E04AF9500B3FE45 /* Project object */ = {
			isa = PBXProject;
			attributes = {
				BuildIndependentTargetsInParallel = 1;
				LastSwiftUpdateCheck = 2600;
				LastUpgradeCheck = 2600;
				TargetAttributes = {
					E0D5C5DD2E04AF9500B3FE45 = {
						CreatedOnToolsVersion = 26.0;
					};
					E0D5C5EA2E04AF9500B3FE45 = {
						CreatedOnToolsVersion = 26.0;
						TestTargetID = E0D5C5DD2E04AF9500B3FE45;
					};
					E0D5C5F42E04AF9500B3FE45 = {
						CreatedOnToolsVersion = 26.0;
						TestTargetID = E0D5C5DD2E04AF9500B3FE45;
					};
				};
			};
			buildConfigurationList = E0D5C5D92E04AF9500B3FE45 /* Build configuration list for PBXProject "Bet Casino" */;
			developmentRegion = en;
			hasScannedForEncodings = 0;
			knownRegions = (
				en,
				Base,
			);
			mainGroup = E0D5C5D52E04AF9500B3FE45;
			minimizedProjectReferenceProxies = 1;
			preferredProjectObjectVersion = 77;
			productRefGroup = E0D5C5DF2E04AF9500B3FE45 /* Products */;
			projectDirPath = "";
			projectRoot = "";
			targets = (
				E0D5C5DD2E04AF9500B3FE45 /* Bet Casino */,
				E0D5C5EA2E04AF9500B3FE45 /* Bet CasinoTests */,
				E0D5C5F42E04AF9500B3FE45 /* Bet CasinoUITests */,
			);
		};
/* End PBXProject section */

/* Begin PBXResourcesBuildPhase section */
		E0D5C5DC2E04AF9500B3FE45 /* Resources */ = {
			isa = PBXResourcesBuildPhase;
			buildActionMask = 2147483647;
			files = (
				E06CBE292E0762EF00DFED0C /* Mine Tile.wav in Resources */,
				E07F51E02E088BC70094E3FE /* Keno Diamond 2.wav in Resources */,
				E07F51D62E0854280094E3FE /* Towers New Tile.wav in Resources */,
				E07F51DE2E088A810094E3FE /* Keno Miss.wav in Resources */,
				E06CBE252E0761E700DFED0C /* Mines Start.wav in Resources */,
				E06CBE262E0761E700DFED0C /* Mines Tile Flipped.wav in Resources */,
				E07F51DC2E08898C0094E3FE /* Keno Diamond.wav in Resources */,
				E06CBE272E0761E700DFED0C /* Mines Cashout.wav in Resources */,
			);
			runOnlyForDeploymentPostprocessing = 0;
		};
		E0D5C5E92E04AF9500B3FE45 /* Resources */ = {
			isa = PBXResourcesBuildPhase;
			buildActionMask = 2147483647;
			files = (
			);
			runOnlyForDeploymentPostprocessing = 0;
		};
		E0D5C5F32E04AF9500B3FE45 /* Resources */ = {
			isa = PBXResourcesBuildPhase;
			buildActionMask = 2147483647;
			files = (
			);
			runOnlyForDeploymentPostprocessing = 0;
		};
/* End PBXResourcesBuildPhase section */

/* Begin PBXSourcesBuildPhase section */
		E0D5C5DA2E04AF9500B3FE45 /* Sources */ = {
			isa = PBXSourcesBuildPhase;
			buildActionMask = 2147483647;
			files = (
			);
			runOnlyForDeploymentPostprocessing = 0;
		};
		E0D5C5E72E04AF9500B3FE45 /* Sources */ = {
			isa = PBXSourcesBuildPhase;
			buildActionMask = 2147483647;
			files = (
			);
			runOnlyForDeploymentPostprocessing = 0;
		};
		E0D5C5F12E04AF9500B3FE45 /* Sources */ = {
			isa = PBXSourcesBuildPhase;
			buildActionMask = 2147483647;
			files = (
			);
			runOnlyForDeploymentPostprocessing = 0;
		};
/* End PBXSourcesBuildPhase section */

/* Begin PBXTargetDependency section */
		E0D5C5ED2E04AF9500B3FE45 /* PBXTargetDependency */ = {
			isa = PBXTargetDependency;
			target = E0D5C5DD2E04AF9500B3FE45 /* Bet Casino */;
			targetProxy = E0D5C5EC2E04AF9500B3FE45 /* PBXContainerItemProxy */;
		};
		E0D5C5F72E04AF9500B3FE45 /* PBXTargetDependency */ = {
			isa = PBXTargetDependency;
			target = E0D5C5DD2E04AF9500B3FE45 /* Bet Casino */;
			targetProxy = E0D5C5F62E04AF9500B3FE45 /* PBXContainerItemProxy */;
		};
/* End PBXTargetDependency section */

/* Begin XCBuildConfiguration section */
		E0D5C5FD2E04AF9500B3FE45 /* Debug */ = {
			isa = XCBuildConfiguration;
			buildSettings = {
				ALWAYS_SEARCH_USER_PATHS = NO;
				ASSETCATALOG_COMPILER_GENERATE_SWIFT_ASSET_SYMBOL_EXTENSIONS = YES;
				CLANG_ANALYZER_NONNULL = YES;
				CLANG_ANALYZER_NUMBER_OBJECT_CONVERSION = YES_AGGRESSIVE;
				CLANG_CXX_LANGUAGE_STANDARD = "gnu++20";
				CLANG_ENABLE_MODULES = YES;
				CLANG_ENABLE_OBJC_ARC = YES;
				CLANG_ENABLE_OBJC_WEAK = YES;
				CLANG_WARN_BLOCK_CAPTURE_AUTORELEASING = YES;
				CLANG_WARN_BOOL_CONVERSION = YES;
				CLANG_WARN_COMMA = YES;
				CLANG_WARN_CONSTANT_CONVERSION = YES;
				CLANG_WARN_DEPRECATED_OBJC_IMPLEMENTATIONS = YES;
				CLANG_WARN_DIRECT_OBJC_ISA_USAGE = YES_ERROR;
				CLANG_WARN_DOCUMENTATION_COMMENTS = YES;
				CLANG_WARN_EMPTY_BODY = YES;
				CLANG_WARN_ENUM_CONVERSION = YES;
				CLANG_WARN_INFINITE_RECURSION = YES;
				CLANG_WARN_INT_CONVERSION = YES;
				CLANG_WARN_NON_LITERAL_NULL_CONVERSION = YES;
				CLANG_WARN_OBJC_IMPLICIT_RETAIN_SELF = YES;
				CLANG_WARN_OBJC_LITERAL_CONVERSION = YES;
				CLANG_WARN_OBJC_ROOT_CLASS = YES_ERROR;
				CLANG_WARN_QUOTED_INCLUDE_IN_FRAMEWORK_HEADER = YES;
				CLANG_WARN_RANGE_LOOP_ANALYSIS = YES;
				CLANG_WARN_STRICT_PROTOTYPES = YES;
				CLANG_WARN_SUSPICIOUS_MOVE = YES;
				CLANG_WARN_UNGUARDED_AVAILABILITY = YES_AGGRESSIVE;
				CLANG_WARN_UNREACHABLE_CODE = YES;
				CLANG_WARN__DUPLICATE_METHOD_MATCH = YES;
				COPY_PHASE_STRIP = NO;
				DEBUG_INFORMATION_FORMAT = dwarf;
				DEVELOPMENT_TEAM = J859GMZ7AP;
				ENABLE_STRICT_OBJC_MSGSEND = YES;
				ENABLE_TESTABILITY = YES;
				ENABLE_USER_SCRIPT_SANDBOXING = YES;
				GCC_C_LANGUAGE_STANDARD = gnu17;
				GCC_DYNAMIC_NO_PIC = NO;
				GCC_NO_COMMON_BLOCKS = YES;
				GCC_OPTIMIZATION_LEVEL = 0;
				GCC_PREPROCESSOR_DEFINITIONS = (
					"DEBUG=1",
					"$(inherited)",
				);
				GCC_WARN_64_TO_32_BIT_CONVERSION = YES;
				GCC_WARN_ABOUT_RETURN_TYPE = YES_ERROR;
				GCC_WARN_UNDECLARED_SELECTOR = YES;
				GCC_WARN_UNINITIALIZED_AUTOS = YES_AGGRESSIVE;
				GCC_WARN_UNUSED_FUNCTION = YES;
				GCC_WARN_UNUSED_VARIABLE = YES;
				IPHONEOS_DEPLOYMENT_TARGET = 26.0;
				LOCALIZATION_PREFERS_STRING_CATALOGS = YES;
				MTL_ENABLE_DEBUG_INFO = INCLUDE_SOURCE;
				MTL_FAST_MATH = YES;
				ONLY_ACTIVE_ARCH = YES;
				SDKROOT = iphoneos;
				SWIFT_ACTIVE_COMPILATION_CONDITIONS = "DEBUG $(inherited)";
				SWIFT_OPTIMIZATION_LEVEL = "-Onone";
			};
			name = Debug;
		};
		E0D5C5FE2E04AF9500B3FE45 /* Release */ = {
			isa = XCBuildConfiguration;
			buildSettings = {
				ALWAYS_SEARCH_USER_PATHS = NO;
				ASSETCATALOG_COMPILER_GENERATE_SWIFT_ASSET_SYMBOL_EXTENSIONS = YES;
				CLANG_ANALYZER_NONNULL = YES;
				CLANG_ANALYZER_NUMBER_OBJECT_CONVERSION = YES_AGGRESSIVE;
				CLANG_CXX_LANGUAGE_STANDARD = "gnu++20";
				CLANG_ENABLE_MODULES = YES;
				CLANG_ENABLE_OBJC_ARC = YES;
				CLANG_ENABLE_OBJC_WEAK = YES;
				CLANG_WARN_BLOCK_CAPTURE_AUTORELEASING = YES;
				CLANG_WARN_BOOL_CONVERSION = YES;
				CLANG_WARN_COMMA = YES;
				CLANG_WARN_CONSTANT_CONVERSION = YES;
				CLANG_WARN_DEPRECATED_OBJC_IMPLEMENTATIONS = YES;
				CLANG_WARN_DIRECT_OBJC_ISA_USAGE = YES_ERROR;
				CLANG_WARN_DOCUMENTATION_COMMENTS = YES;
				CLANG_WARN_EMPTY_BODY = YES;
				CLANG_WARN_ENUM_CONVERSION = YES;
				CLANG_WARN_INFINITE_RECURSION = YES;
				CLANG_WARN_INT_CONVERSION = YES;
				CLANG_WARN_NON_LITERAL_NULL_CONVERSION = YES;
				CLANG_WARN_OBJC_IMPLICIT_RETAIN_SELF = YES;
				CLANG_WARN_OBJC_LITERAL_CONVERSION = YES;
				CLANG_WARN_OBJC_ROOT_CLASS = YES_ERROR;
				CLANG_WARN_QUOTED_INCLUDE_IN_FRAMEWORK_HEADER = YES;
				CLANG_WARN_RANGE_LOOP_ANALYSIS = YES;
				CLANG_WARN_STRICT_PROTOTYPES = YES;
				CLANG_WARN_SUSPICIOUS_MOVE = YES;
				CLANG_WARN_UNGUARDED_AVAILABILITY = YES_AGGRESSIVE;
				CLANG_WARN_UNREACHABLE_CODE = YES;
				CLANG_WARN__DUPLICATE_METHOD_MATCH = YES;
				COPY_PHASE_STRIP = NO;
				DEBUG_INFORMATION_FORMAT = "dwarf-with-dsym";
				DEVELOPMENT_TEAM = J859GMZ7AP;
				ENABLE_NS_ASSERTIONS = NO;
				ENABLE_STRICT_OBJC_MSGSEND = YES;
				ENABLE_USER_SCRIPT_SANDBOXING = YES;
				GCC_C_LANGUAGE_STANDARD = gnu17;
				GCC_NO_COMMON_BLOCKS = YES;
				GCC_WARN_64_TO_32_BIT_CONVERSION = YES;
				GCC_WARN_ABOUT_RETURN_TYPE = YES_ERROR;
				GCC_WARN_UNDECLARED_SELECTOR = YES;
				GCC_WARN_UNINITIALIZED_AUTOS = YES_AGGRESSIVE;
				GCC_WARN_UNUSED_FUNCTION = YES;
				GCC_WARN_UNUSED_VARIABLE = YES;
				IPHONEOS_DEPLOYMENT_TARGET = 26.0;
				LOCALIZATION_PREFERS_STRING_CATALOGS = YES;
				MTL_ENABLE_DEBUG_INFO = NO;
				MTL_FAST_MATH = YES;
				SDKROOT = iphoneos;
				SWIFT_COMPILATION_MODE = wholemodule;
				VALIDATE_PRODUCT = YES;
			};
			name = Release;
		};
		E0D5C6002E04AF9500B3FE45 /* Debug */ = {
			isa = XCBuildConfiguration;
			buildSettings = {
				ASSETCATALOG_COMPILER_APPICON_NAME = AppIcon;
				ASSETCATALOG_COMPILER_GLOBAL_ACCENT_COLOR_NAME = AccentColor;
				CODE_SIGN_IDENTITY = "Apple Development";
				CODE_SIGN_STYLE = Automatic;
				CURRENT_PROJECT_VERSION = 1;
				DEVELOPMENT_TEAM = J859GMZ7AP;
				ENABLE_PREVIEWS = YES;
				GENERATE_INFOPLIST_FILE = YES;
				INFOPLIST_KEY_UIApplicationSceneManifest_Generation = YES;
				INFOPLIST_KEY_UIApplicationSupportsIndirectInputEvents = YES;
				INFOPLIST_KEY_UILaunchScreen_Generation = YES;
				INFOPLIST_KEY_UISupportedInterfaceOrientations_iPad = "UIInterfaceOrientationPortrait UIInterfaceOrientationPortraitUpsideDown UIInterfaceOrientationLandscapeLeft UIInterfaceOrientationLandscapeRight";
				INFOPLIST_KEY_UISupportedInterfaceOrientations_iPhone = "UIInterfaceOrientationPortrait UIInterfaceOrientationLandscapeLeft UIInterfaceOrientationLandscapeRight";
				LD_RUNPATH_SEARCH_PATHS = (
					"$(inherited)",
					"@executable_path/Frameworks",
				);
				MARKETING_VERSION = 1.0;
				PRODUCT_BUNDLE_IDENTIFIER = "krst.Bet-Casino";
				PRODUCT_NAME = "$(TARGET_NAME)";
				PROVISIONING_PROFILE_SPECIFIER = "";
				STRING_CATALOG_GENERATE_SYMBOLS = YES;
				SWIFT_DEFAULT_ACTOR_ISOLATION = MainActor;
				SWIFT_EMIT_LOC_STRINGS = YES;
				SWIFT_UPCOMING_FEATURE_MEMBER_IMPORT_VISIBILITY = YES;
				SWIFT_VERSION = 5.0;
				TARGETED_DEVICE_FAMILY = "1,2";
			};
			name = Debug;
		};
		E0D5C6012E04AF9500B3FE45 /* Release */ = {
			isa = XCBuildConfiguration;
			buildSettings = {
				ASSETCATALOG_COMPILER_APPICON_NAME = AppIcon;
				ASSETCATALOG_COMPILER_GLOBAL_ACCENT_COLOR_NAME = AccentColor;
				CODE_SIGN_IDENTITY = "Apple Development";
				CODE_SIGN_STYLE = Automatic;
				CURRENT_PROJECT_VERSION = 1;
				DEVELOPMENT_TEAM = J859GMZ7AP;
				ENABLE_PREVIEWS = YES;
				GENERATE_INFOPLIST_FILE = YES;
				INFOPLIST_KEY_UIApplicationSceneManifest_Generation = YES;
				INFOPLIST_KEY_UIApplicationSupportsIndirectInputEvents = YES;
				INFOPLIST_KEY_UILaunchScreen_Generation = YES;
				INFOPLIST_KEY_UISupportedInterfaceOrientations_iPad = "UIInterfaceOrientationPortrait UIInterfaceOrientationPortraitUpsideDown UIInterfaceOrientationLandscapeLeft UIInterfaceOrientationLandscapeRight";
				INFOPLIST_KEY_UISupportedInterfaceOrientations_iPhone = "UIInterfaceOrientationPortrait UIInterfaceOrientationLandscapeLeft UIInterfaceOrientationLandscapeRight";
				LD_RUNPATH_SEARCH_PATHS = (
					"$(inherited)",
					"@executable_path/Frameworks",
				);
				MARKETING_VERSION = 1.0;
				PRODUCT_BUNDLE_IDENTIFIER = "krst.Bet-Casino";
				PRODUCT_NAME = "$(TARGET_NAME)";
				PROVISIONING_PROFILE_SPECIFIER = "";
				STRING_CATALOG_GENERATE_SYMBOLS = YES;
				SWIFT_DEFAULT_ACTOR_ISOLATION = MainActor;
				SWIFT_EMIT_LOC_STRINGS = YES;
				SWIFT_UPCOMING_FEATURE_MEMBER_IMPORT_VISIBILITY = YES;
				SWIFT_VERSION = 5.0;
				TARGETED_DEVICE_FAMILY = "1,2";
			};
			name = Release;
		};
		E0D5C6032E04AF9500B3FE45 /* Debug */ = {
			isa = XCBuildConfiguration;
			buildSettings = {
				BUNDLE_LOADER = "$(TEST_HOST)";
				CODE_SIGN_STYLE = Automatic;
				CURRENT_PROJECT_VERSION = 1;
				DEVELOPMENT_TEAM = J859GMZ7AP;
				GENERATE_INFOPLIST_FILE = YES;
				IPHONEOS_DEPLOYMENT_TARGET = 26.0;
				MARKETING_VERSION = 1.0;
				PRODUCT_BUNDLE_IDENTIFIER = "krst.Bet-CasinoTests";
				PRODUCT_NAME = "$(TARGET_NAME)";
				STRING_CATALOG_GENERATE_SYMBOLS = NO;
				SWIFT_EMIT_LOC_STRINGS = NO;
				SWIFT_UPCOMING_FEATURE_MEMBER_IMPORT_VISIBILITY = YES;
				SWIFT_VERSION = 5.0;
				TARGETED_DEVICE_FAMILY = "1,2";
				TEST_HOST = "$(BUILT_PRODUCTS_DIR)/Bet Casino.app/$(BUNDLE_EXECUTABLE_FOLDER_PATH)/Bet Casino";
			};
			name = Debug;
		};
		E0D5C6042E04AF9500B3FE45 /* Release */ = {
			isa = XCBuildConfiguration;
			buildSettings = {
				BUNDLE_LOADER = "$(TEST_HOST)";
				CODE_SIGN_STYLE = Automatic;
				CURRENT_PROJECT_VERSION = 1;
				DEVELOPMENT_TEAM = J859GMZ7AP;
				GENERATE_INFOPLIST_FILE = YES;
				IPHONEOS_DEPLOYMENT_TARGET = 26.0;
				MARKETING_VERSION = 1.0;
				PRODUCT_BUNDLE_IDENTIFIER = "krst.Bet-CasinoTests";
				PRODUCT_NAME = "$(TARGET_NAME)";
				STRING_CATALOG_GENERATE_SYMBOLS = NO;
				SWIFT_EMIT_LOC_STRINGS = NO;
				SWIFT_UPCOMING_FEATURE_MEMBER_IMPORT_VISIBILITY = YES;
				SWIFT_VERSION = 5.0;
				TARGETED_DEVICE_FAMILY = "1,2";
				TEST_HOST = "$(BUILT_PRODUCTS_DIR)/Bet Casino.app/$(BUNDLE_EXECUTABLE_FOLDER_PATH)/Bet Casino";
			};
			name = Release;
		};
		E0D5C6062E04AF9500B3FE45 /* Debug */ = {
			isa = XCBuildConfiguration;
			buildSettings = {
				CODE_SIGN_STYLE = Automatic;
				CURRENT_PROJECT_VERSION = 1;
				DEVELOPMENT_TEAM = J859GMZ7AP;
				GENERATE_INFOPLIST_FILE = YES;
				MARKETING_VERSION = 1.0;
				PRODUCT_BUNDLE_IDENTIFIER = "krst.Bet-CasinoUITests";
				PRODUCT_NAME = "$(TARGET_NAME)";
				STRING_CATALOG_GENERATE_SYMBOLS = NO;
				SWIFT_EMIT_LOC_STRINGS = NO;
				SWIFT_UPCOMING_FEATURE_MEMBER_IMPORT_VISIBILITY = YES;
				SWIFT_VERSION = 5.0;
				TARGETED_DEVICE_FAMILY = "1,2";
				TEST_TARGET_NAME = "Bet Casino";
			};
			name = Debug;
		};
		E0D5C6072E04AF9500B3FE45 /* Release */ = {
			isa = XCBuildConfiguration;
			buildSettings = {
				CODE_SIGN_STYLE = Automatic;
				CURRENT_PROJECT_VERSION = 1;
				DEVELOPMENT_TEAM = J859GMZ7AP;
				GENERATE_INFOPLIST_FILE = YES;
				MARKETING_VERSION = 1.0;
				PRODUCT_BUNDLE_IDENTIFIER = "krst.Bet-CasinoUITests";
				PRODUCT_NAME = "$(TARGET_NAME)";
				STRING_CATALOG_GENERATE_SYMBOLS = NO;
				SWIFT_EMIT_LOC_STRINGS = NO;
				SWIFT_UPCOMING_FEATURE_MEMBER_IMPORT_VISIBILITY = YES;
				SWIFT_VERSION = 5.0;
				TARGETED_DEVICE_FAMILY = "1,2";
				TEST_TARGET_NAME = "Bet Casino";
			};
			name = Release;
		};
/* End XCBuildConfiguration section */

/* Begin XCConfigurationList section */
		E0D5C5D92E04AF9500B3FE45 /* Build configuration list for PBXProject "Bet Casino" */ = {
			isa = XCConfigurationList;
			buildConfigurations = (
				E0D5C5FD2E04AF9500B3FE45 /* Debug */,
				E0D5C5FE2E04AF9500B3FE45 /* Release */,
			);
			defaultConfigurationIsVisible = 0;
			defaultConfigurationName = Release;
		};
		E0D5C5FF2E04AF9500B3FE45 /* Build configuration list for PBXNativeTarget "Bet Casino" */ = {
			isa = XCConfigurationList;
			buildConfigurations = (
				E0D5C6002E04AF9500B3FE45 /* Debug */,
				E0D5C6012E04AF9500B3FE45 /* Release */,
			);
			defaultConfigurationIsVisible = 0;
			defaultConfigurationName = Release;
		};
		E0D5C6022E04AF9500B3FE45 /* Build configuration list for PBXNativeTarget "Bet CasinoTests" */ = {
			isa = XCConfigurationList;
			buildConfigurations = (
				E0D5C6032E04AF9500B3FE45 /* Debug */,
				E0D5C6042E04AF9500B3FE45 /* Release */,
			);
			defaultConfigurationIsVisible = 0;
			defaultConfigurationName = Release;
		};
		E0D5C6052E04AF9500B3FE45 /* Build configuration list for PBXNativeTarget "Bet CasinoUITests" */ = {
			isa = XCConfigurationList;
			buildConfigurations = (
				E0D5C6062E04AF9500B3FE45 /* Debug */,
				E0D5C6072E04AF9500B3FE45 /* Release */,
			);
			defaultConfigurationIsVisible = 0;
			defaultConfigurationName = Release;
		};
/* End XCConfigurationList section */
	};
	rootObject = E0D5C5D62E04AF9500B3FE45 /* Project object */;
}
